
Microsoft Visual Studio Solution File, Format Version 12.00
# Visual Studio 2013
VisualStudioVersion = 12.0.40629.0
MinimumVisualStudioVersion = 10.0.40219.1
Project("{FAE04EC0-301F-11D3-BF4B-00C04F79EFBC}") = "helloEorld.iOS", "helloEorld\helloEorld.iOS\helloEorld.iOS.csproj", "{847240A4-ADBA-42BF-BE33-A47D0277F3D3}"
EndProject
Project("{FAE04EC0-301F-11D3-BF4B-00C04F79EFBC}") = "helloEorld.WinPhone", "helloEorld\helloEorld.WinPhone\helloEorld.WinPhone.csproj", "{8DEF6184-9ECC-4094-875F-0721BA3C1A0D}"
EndProject
Project("{FAE04EC0-301F-11D3-BF4B-00C04F79EFBC}") = "helloEorld.Windows", "helloEorld\helloEorld.Windows\helloEorld.Windows.csproj", "{815E4C97-DF09-4D40-BA8B-E124247F7A87}"
EndProject
Project("{FAE04EC0-301F-11D3-BF4B-00C04F79EFBC}") = "helloEorld", "helloEorld\helloEorld\helloEorld.csproj", "{DD7EAD5C-1E99-4301-80D8-FA15329774B6}"
EndProject
Global
	GlobalSection(SolutionConfigurationPlatforms) = preSolution
		Ad-Hoc|Any CPU = Ad-Hoc|Any CPU
		Ad-Hoc|ARM = Ad-Hoc|ARM
		Ad-Hoc|iPhone = Ad-Hoc|iPhone
		Ad-Hoc|iPhoneSimulator = Ad-Hoc|iPhoneSimulator
		Ad-Hoc|Mixed Platforms = Ad-Hoc|Mixed Platforms
		Ad-Hoc|x64 = Ad-Hoc|x64
		Ad-Hoc|x86 = Ad-Hoc|x86
		AppStore|Any CPU = AppStore|Any CPU
		AppStore|ARM = AppStore|ARM
		AppStore|iPhone = AppStore|iPhone
		AppStore|iPhoneSimulator = AppStore|iPhoneSimulator
		AppStore|Mixed Platforms = AppStore|Mixed Platforms
		AppStore|x64 = AppStore|x64
		AppStore|x86 = AppStore|x86
		Debug|Any CPU = Debug|Any CPU
		Debug|ARM = Debug|ARM
		Debug|iPhone = Debug|iPhone
		Debug|iPhoneSimulator = Debug|iPhoneSimulator
		Debug|Mixed Platforms = Debug|Mixed Platforms
		Debug|x64 = Debug|x64
		Debug|x86 = Debug|x86
		Release|Any CPU = Release|Any CPU
		Release|ARM = Release|ARM
		Release|iPhone = Release|iPhone
		Release|iPhoneSimulator = Release|iPhoneSimulator
		Release|Mixed Platforms = Release|Mixed Platforms
		Release|x64 = Release|x64
		Release|x86 = Release|x86
	EndGlobalSection
	GlobalSection(ProjectConfigurationPlatforms) = postSolution
		{847240A4-ADBA-42BF-BE33-A47D0277F3D3}.Ad-Hoc|Any CPU.ActiveCfg = Ad-Hoc|iPhone
		{847240A4-ADBA-42BF-BE33-A47D0277F3D3}.Ad-Hoc|ARM.ActiveCfg = Ad-Hoc|iPhone
		{847240A4-ADBA-42BF-BE33-A47D0277F3D3}.Ad-Hoc|iPhone.ActiveCfg = Ad-Hoc|iPhone
		{847240A4-ADBA-42BF-BE33-A47D0277F3D3}.Ad-Hoc|iPhone.Build.0 = Ad-Hoc|iPhone
		{847240A4-ADBA-42BF-BE33-A47D0277F3D3}.Ad-Hoc|iPhoneSimulator.ActiveCfg = Ad-Hoc|iPhoneSimulator
		{847240A4-ADBA-42BF-BE33-A47D0277F3D3}.Ad-Hoc|iPhoneSimulator.Build.0 = Ad-Hoc|iPhoneSimulator
		{847240A4-ADBA-42BF-BE33-A47D0277F3D3}.Ad-Hoc|Mixed Platforms.ActiveCfg = Ad-Hoc|iPhone
		{847240A4-ADBA-42BF-BE33-A47D0277F3D3}.Ad-Hoc|Mixed Platforms.Build.0 = Ad-Hoc|iPhone
		{847240A4-ADBA-42BF-BE33-A47D0277F3D3}.Ad-Hoc|x64.ActiveCfg = Ad-Hoc|iPhone
		{847240A4-ADBA-42BF-BE33-A47D0277F3D3}.Ad-Hoc|x86.ActiveCfg = Ad-Hoc|iPhone
		{847240A4-ADBA-42BF-BE33-A47D0277F3D3}.AppStore|Any CPU.ActiveCfg = AppStore|iPhone
		{847240A4-ADBA-42BF-BE33-A47D0277F3D3}.AppStore|ARM.ActiveCfg = AppStore|iPhone
		{847240A4-ADBA-42BF-BE33-A47D0277F3D3}.AppStore|iPhone.ActiveCfg = AppStore|iPhone
		{847240A4-ADBA-42BF-BE33-A47D0277F3D3}.AppStore|iPhone.Build.0 = AppStore|iPhone
		{847240A4-ADBA-42BF-BE33-A47D0277F3D3}.AppStore|iPhoneSimulator.ActiveCfg = AppStore|iPhoneSimulator
		{847240A4-ADBA-42BF-BE33-A47D0277F3D3}.AppStore|iPhoneSimulator.Build.0 = AppStore|iPhoneSimulator
		{847240A4-ADBA-42BF-BE33-A47D0277F3D3}.AppStore|Mixed Platforms.ActiveCfg = AppStore|iPhone
		{847240A4-ADBA-42BF-BE33-A47D0277F3D3}.AppStore|Mixed Platforms.Build.0 = AppStore|iPhone
		{847240A4-ADBA-42BF-BE33-A47D0277F3D3}.AppStore|x64.ActiveCfg = AppStore|iPhone
		{847240A4-ADBA-42BF-BE33-A47D0277F3D3}.AppStore|x86.ActiveCfg = AppStore|iPhone
		{847240A4-ADBA-42BF-BE33-A47D0277F3D3}.Debug|Any CPU.ActiveCfg = Debug|iPhone
		{847240A4-ADBA-42BF-BE33-A47D0277F3D3}.Debug|ARM.ActiveCfg = Debug|iPhone
		{847240A4-ADBA-42BF-BE33-A47D0277F3D3}.Debug|iPhone.ActiveCfg = Debug|iPhone
		{847240A4-ADBA-42BF-BE33-A47D0277F3D3}.Debug|iPhone.Build.0 = Debug|iPhone
		{847240A4-ADBA-42BF-BE33-A47D0277F3D3}.Debug|iPhoneSimulator.ActiveCfg = Debug|iPhoneSimulator
		{847240A4-ADBA-42BF-BE33-A47D0277F3D3}.Debug|iPhoneSimulator.Build.0 = Debug|iPhoneSimulator
		{847240A4-ADBA-42BF-BE33-A47D0277F3D3}.Debug|Mixed Platforms.ActiveCfg = Debug|iPhone
		{847240A4-ADBA-42BF-BE33-A47D0277F3D3}.Debug|Mixed Platforms.Build.0 = Debug|iPhone
		{847240A4-ADBA-42BF-BE33-A47D0277F3D3}.Debug|x64.ActiveCfg = Debug|iPhone
		{847240A4-ADBA-42BF-BE33-A47D0277F3D3}.Debug|x86.ActiveCfg = Debug|iPhone
		{847240A4-ADBA-42BF-BE33-A47D0277F3D3}.Release|Any CPU.ActiveCfg = Release|iPhone
		{847240A4-ADBA-42BF-BE33-A47D0277F3D3}.Release|ARM.ActiveCfg = Release|iPhone
		{847240A4-ADBA-42BF-BE33-A47D0277F3D3}.Release|iPhone.ActiveCfg = Release|iPhone
		{847240A4-ADBA-42BF-BE33-A47D0277F3D3}.Release|iPhone.Build.0 = Release|iPhone
		{847240A4-ADBA-42BF-BE33-A47D0277F3D3}.Release|iPhoneSimulator.ActiveCfg = Release|iPhoneSimulator
		{847240A4-ADBA-42BF-BE33-A47D0277F3D3}.Release|iPhoneSimulator.Build.0 = Release|iPhoneSimulator
		{847240A4-ADBA-42BF-BE33-A47D0277F3D3}.Release|Mixed Platforms.ActiveCfg = Release|iPhone
		{847240A4-ADBA-42BF-BE33-A47D0277F3D3}.Release|Mixed Platforms.Build.0 = Release|iPhone
		{847240A4-ADBA-42BF-BE33-A47D0277F3D3}.Release|x64.ActiveCfg = Release|iPhone
		{847240A4-ADBA-42BF-BE33-A47D0277F3D3}.Release|x86.ActiveCfg = Release|iPhone
		{8DEF6184-9ECC-4094-875F-0721BA3C1A0D}.Ad-Hoc|Any CPU.ActiveCfg = Release|Any CPU
		{8DEF6184-9ECC-4094-875F-0721BA3C1A0D}.Ad-Hoc|Any CPU.Build.0 = Release|Any CPU
		{8DEF6184-9ECC-4094-875F-0721BA3C1A0D}.Ad-Hoc|Any CPU.Deploy.0 = Release|Any CPU
		{8DEF6184-9ECC-4094-875F-0721BA3C1A0D}.Ad-Hoc|ARM.ActiveCfg = Release|ARM
		{8DEF6184-9ECC-4094-875F-0721BA3C1A0D}.Ad-Hoc|ARM.Build.0 = Release|ARM
		{8DEF6184-9ECC-4094-875F-0721BA3C1A0D}.Ad-Hoc|ARM.Deploy.0 = Release|ARM
		{8DEF6184-9ECC-4094-875F-0721BA3C1A0D}.Ad-Hoc|iPhone.ActiveCfg = Release|Any CPU
		{8DEF6184-9ECC-4094-875F-0721BA3C1A0D}.Ad-Hoc|iPhoneSimulator.ActiveCfg = Release|Any CPU
		{8DEF6184-9ECC-4094-875F-0721BA3C1A0D}.Ad-Hoc|Mixed Platforms.ActiveCfg = Release|x86
		{8DEF6184-9ECC-4094-875F-0721BA3C1A0D}.Ad-Hoc|Mixed Platforms.Build.0 = Release|x86
		{8DEF6184-9ECC-4094-875F-0721BA3C1A0D}.Ad-Hoc|Mixed Platforms.Deploy.0 = Release|x86
		{8DEF6184-9ECC-4094-875F-0721BA3C1A0D}.Ad-Hoc|x64.ActiveCfg = Release|Any CPU
		{8DEF6184-9ECC-4094-875F-0721BA3C1A0D}.Ad-Hoc|x86.ActiveCfg = Release|x86
		{8DEF6184-9ECC-4094-875F-0721BA3C1A0D}.Ad-Hoc|x86.Build.0 = Release|x86
		{8DEF6184-9ECC-4094-875F-0721BA3C1A0D}.Ad-Hoc|x86.Deploy.0 = Release|x86
		{8DEF6184-9ECC-4094-875F-0721BA3C1A0D}.AppStore|Any CPU.ActiveCfg = Release|Any CPU
		{8DEF6184-9ECC-4094-875F-0721BA3C1A0D}.AppStore|Any CPU.Build.0 = Release|Any CPU
		{8DEF6184-9ECC-4094-875F-0721BA3C1A0D}.AppStore|Any CPU.Deploy.0 = Release|Any CPU
		{8DEF6184-9ECC-4094-875F-0721BA3C1A0D}.AppStore|ARM.ActiveCfg = Release|ARM
		{8DEF6184-9ECC-4094-875F-0721BA3C1A0D}.AppStore|ARM.Build.0 = Release|ARM
		{8DEF6184-9ECC-4094-875F-0721BA3C1A0D}.AppStore|ARM.Deploy.0 = Release|ARM
		{8DEF6184-9ECC-4094-875F-0721BA3C1A0D}.AppStore|iPhone.ActiveCfg = Release|Any CPU
		{8DEF6184-9ECC-4094-875F-0721BA3C1A0D}.AppStore|iPhoneSimulator.ActiveCfg = Release|Any CPU
		{8DEF6184-9ECC-4094-875F-0721BA3C1A0D}.AppStore|Mixed Platforms.ActiveCfg = Release|x86
		{8DEF6184-9ECC-4094-875F-0721BA3C1A0D}.AppStore|Mixed Platforms.Build.0 = Release|x86
		{8DEF6184-9ECC-4094-875F-0721BA3C1A0D}.AppStore|Mixed Platforms.Deploy.0 = Release|x86
		{8DEF6184-9ECC-4094-875F-0721BA3C1A0D}.AppStore|x64.ActiveCfg = Release|Any CPU
		{8DEF6184-9ECC-4094-875F-0721BA3C1A0D}.AppStore|x86.ActiveCfg = Release|x86
		{8DEF6184-9ECC-4094-875F-0721BA3C1A0D}.AppStore|x86.Build.0 = Release|x86
		{8DEF6184-9ECC-4094-875F-0721BA3C1A0D}.AppStore|x86.Deploy.0 = Release|x86
		{8DEF6184-9ECC-4094-875F-0721BA3C1A0D}.Debug|Any CPU.ActiveCfg = Debug|Any CPU
		{8DEF6184-9ECC-4094-875F-0721BA3C1A0D}.Debug|Any CPU.Build.0 = Debug|Any CPU
		{8DEF6184-9ECC-4094-875F-0721BA3C1A0D}.Debug|Any CPU.Deploy.0 = Debug|Any CPU
		{8DEF6184-9ECC-4094-875F-0721BA3C1A0D}.Debug|ARM.ActiveCfg = Debug|ARM
		{8DEF6184-9ECC-4094-875F-0721BA3C1A0D}.Debug|ARM.Build.0 = Debug|ARM
		{8DEF6184-9ECC-4094-875F-0721BA3C1A0D}.Debug|ARM.Deploy.0 = Debug|ARM
		{8DEF6184-9ECC-4094-875F-0721BA3C1A0D}.Debug|iPhone.ActiveCfg = Debug|Any CPU
		{8DEF6184-9ECC-4094-875F-0721BA3C1A0D}.Debug|iPhoneSimulator.ActiveCfg = Debug|Any CPU
		{8DEF6184-9ECC-4094-875F-0721BA3C1A0D}.Debug|Mixed Platforms.ActiveCfg = Debug|x86
		{8DEF6184-9ECC-4094-875F-0721BA3C1A0D}.Debug|Mixed Platforms.Build.0 = Debug|x86
		{8DEF6184-9ECC-4094-875F-0721BA3C1A0D}.Debug|Mixed Platforms.Deploy.0 = Debug|x86
		{8DEF6184-9ECC-4094-875F-0721BA3C1A0D}.Debug|x64.ActiveCfg = Debug|Any CPU
		{8DEF6184-9ECC-4094-875F-0721BA3C1A0D}.Debug|x86.ActiveCfg = Debug|x86
		{8DEF6184-9ECC-4094-875F-0721BA3C1A0D}.Debug|x86.Build.0 = Debug|x86
		{8DEF6184-9ECC-4094-875F-0721BA3C1A0D}.Debug|x86.Deploy.0 = Debug|x86
		{8DEF6184-9ECC-4094-875F-0721BA3C1A0D}.Release|Any CPU.ActiveCfg = Release|Any CPU
		{8DEF6184-9ECC-4094-875F-0721BA3C1A0D}.Release|Any CPU.Build.0 = Release|Any CPU
		{8DEF6184-9ECC-4094-875F-0721BA3C1A0D}.Release|Any CPU.Deploy.0 = Release|Any CPU
		{8DEF6184-9ECC-4094-875F-0721BA3C1A0D}.Release|ARM.ActiveCfg = Release|ARM
		{8DEF6184-9ECC-4094-875F-0721BA3C1A0D}.Release|ARM.Build.0 = Release|ARM
		{8DEF6184-9ECC-4094-875F-0721BA3C1A0D}.Release|ARM.Deploy.0 = Release|ARM
		{8DEF6184-9ECC-4094-875F-0721BA3C1A0D}.Release|iPhone.ActiveCfg = Release|Any CPU
		{8DEF6184-9ECC-4094-875F-0721BA3C1A0D}.Release|iPhoneSimulator.ActiveCfg = Release|Any CPU
		{8DEF6184-9ECC-4094-875F-0721BA3C1A0D}.Release|Mixed Platforms.ActiveCfg = Release|x86
		{8DEF6184-9ECC-4094-875F-0721BA3C1A0D}.Release|Mixed Platforms.Build.0 = Release|x86
		{8DEF6184-9ECC-4094-875F-0721BA3C1A0D}.Release|Mixed Platforms.Deploy.0 = Release|x86
		{8DEF6184-9ECC-4094-875F-0721BA3C1A0D}.Release|x64.ActiveCfg = Release|Any CPU
		{8DEF6184-9ECC-4094-875F-0721BA3C1A0D}.Release|x86.ActiveCfg = Release|x86
		{8DEF6184-9ECC-4094-875F-0721BA3C1A0D}.Release|x86.Build.0 = Release|x86
		{8DEF6184-9ECC-4094-875F-0721BA3C1A0D}.Release|x86.Deploy.0 = Release|x86
		{815E4C97-DF09-4D40-BA8B-E124247F7A87}.Ad-Hoc|Any CPU.ActiveCfg = Release|Any CPU
		{815E4C97-DF09-4D40-BA8B-E124247F7A87}.Ad-Hoc|Any CPU.Build.0 = Release|Any CPU
		{815E4C97-DF09-4D40-BA8B-E124247F7A87}.Ad-Hoc|Any CPU.Deploy.0 = Release|Any CPU
		{815E4C97-DF09-4D40-BA8B-E124247F7A87}.Ad-Hoc|ARM.ActiveCfg = Release|ARM
		{815E4C97-DF09-4D40-BA8B-E124247F7A87}.Ad-Hoc|ARM.Build.0 = Release|ARM
		{815E4C97-DF09-4D40-BA8B-E124247F7A87}.Ad-Hoc|ARM.Deploy.0 = Release|ARM
		{815E4C97-DF09-4D40-BA8B-E124247F7A87}.Ad-Hoc|iPhone.ActiveCfg = Release|Any CPU
		{815E4C97-DF09-4D40-BA8B-E124247F7A87}.Ad-Hoc|iPhoneSimulator.ActiveCfg = Release|Any CPU
		{815E4C97-DF09-4D40-BA8B-E124247F7A87}.Ad-Hoc|Mixed Platforms.ActiveCfg = Release|x86
		{815E4C97-DF09-4D40-BA8B-E124247F7A87}.Ad-Hoc|Mixed Platforms.Build.0 = Release|x86
		{815E4C97-DF09-4D40-BA8B-E124247F7A87}.Ad-Hoc|Mixed Platforms.Deploy.0 = Release|x86
		{815E4C97-DF09-4D40-BA8B-E124247F7A87}.Ad-Hoc|x64.ActiveCfg = Release|x64
		{815E4C97-DF09-4D40-BA8B-E124247F7A87}.Ad-Hoc|x64.Build.0 = Release|x64
		{815E4C97-DF09-4D40-BA8B-E124247F7A87}.Ad-Hoc|x64.Deploy.0 = Release|x64
		{815E4C97-DF09-4D40-BA8B-E124247F7A87}.Ad-Hoc|x86.ActiveCfg = Release|x86
		{815E4C97-DF09-4D40-BA8B-E124247F7A87}.Ad-Hoc|x86.Build.0 = Release|x86
		{815E4C97-DF09-4D40-BA8B-E124247F7A87}.Ad-Hoc|x86.Deploy.0 = Release|x86
		{815E4C97-DF09-4D40-BA8B-E124247F7A87}.AppStore|Any CPU.ActiveCfg = Release|Any CPU
		{815E4C97-DF09-4D40-BA8B-E124247F7A87}.AppStore|Any CPU.Build.0 = Release|Any CPU
		{815E4C97-DF09-4D40-BA8B-E124247F7A87}.AppStore|Any CPU.Deploy.0 = Release|Any CPU
		{815E4C97-DF09-4D40-BA8B-E124247F7A87}.AppStore|ARM.ActiveCfg = Release|ARM
		{815E4C97-DF09-4D40-BA8B-E124247F7A87}.AppStore|ARM.Build.0 = Release|ARM
		{815E4C97-DF09-4D40-BA8B-E124247F7A87}.AppStore|ARM.Deploy.0 = Release|ARM
		{815E4C97-DF09-4D40-BA8B-E124247F7A87}.AppStore|iPhone.ActiveCfg = Release|Any CPU
		{815E4C97-DF09-4D40-BA8B-E124247F7A87}.AppStore|iPhoneSimulator.ActiveCfg = Release|Any CPU
		{815E4C97-DF09-4D40-BA8B-E124247F7A87}.AppStore|Mixed Platforms.ActiveCfg = Release|x86
		{815E4C97-DF09-4D40-BA8B-E124247F7A87}.AppStore|Mixed Platforms.Build.0 = Release|x86
		{815E4C97-DF09-4D40-BA8B-E124247F7A87}.AppStore|Mixed Platforms.Deploy.0 = Release|x86
		{815E4C97-DF09-4D40-BA8B-E124247F7A87}.AppStore|x64.ActiveCfg = Release|x64
		{815E4C97-DF09-4D40-BA8B-E124247F7A87}.AppStore|x64.Build.0 = Release|x64
		{815E4C97-DF09-4D40-BA8B-E124247F7A87}.AppStore|x64.Deploy.0 = Release|x64
		{815E4C97-DF09-4D40-BA8B-E124247F7A87}.AppStore|x86.ActiveCfg = Release|x86
		{815E4C97-DF09-4D40-BA8B-E124247F7A87}.AppStore|x86.Build.0 = Release|x86
		{815E4C97-DF09-4D40-BA8B-E124247F7A87}.AppStore|x86.Deploy.0 = Release|x86
		{815E4C97-DF09-4D40-BA8B-E124247F7A87}.Debug|Any CPU.ActiveCfg = Debug|Any CPU
		{815E4C97-DF09-4D40-BA8B-E124247F7A87}.Debug|Any CPU.Build.0 = Debug|Any CPU
		{815E4C97-DF09-4D40-BA8B-E124247F7A87}.Debug|Any CPU.Deploy.0 = Debug|Any CPU
		{815E4C97-DF09-4D40-BA8B-E124247F7A87}.Debug|ARM.ActiveCfg = Debug|ARM
		{815E4C97-DF09-4D40-BA8B-E124247F7A87}.Debug|ARM.Build.0 = Debug|ARM
		{815E4C97-DF09-4D40-BA8B-E124247F7A87}.Debug|ARM.Deploy.0 = Debug|ARM
		{815E4C97-DF09-4D40-BA8B-E124247F7A87}.Debug|iPhone.ActiveCfg = Debug|Any CPU
		{815E4C97-DF09-4D40-BA8B-E124247F7A87}.Debug|iPhoneSimulator.ActiveCfg = Debug|Any CPU
		{815E4C97-DF09-4D40-BA8B-E124247F7A87}.Debug|Mixed Platforms.ActiveCfg = Debug|x86
		{815E4C97-DF09-4D40-BA8B-E124247F7A87}.Debug|Mixed Platforms.Build.0 = Debug|x86
		{815E4C97-DF09-4D40-BA8B-E124247F7A87}.Debug|Mixed Platforms.Deploy.0 = Debug|x86
		{815E4C97-DF09-4D40-BA8B-E124247F7A87}.Debug|x64.ActiveCfg = Debug|x64
		{815E4C97-DF09-4D40-BA8B-E124247F7A87}.Debug|x64.Build.0 = Debug|x64
		{815E4C97-DF09-4D40-BA8B-E124247F7A87}.Debug|x64.Deploy.0 = Debug|x64
		{815E4C97-DF09-4D40-BA8B-E124247F7A87}.Debug|x86.ActiveCfg = Debug|x86
		{815E4C97-DF09-4D40-BA8B-E124247F7A87}.Debug|x86.Build.0 = Debug|x86
		{815E4C97-DF09-4D40-BA8B-E124247F7A87}.Debug|x86.Deploy.0 = Debug|x86
		{815E4C97-DF09-4D40-BA8B-E124247F7A87}.Release|Any CPU.ActiveCfg = Release|Any CPU
		{815E4C97-DF09-4D40-BA8B-E124247F7A87}.Release|Any CPU.Build.0 = Release|Any CPU
		{815E4C97-DF09-4D40-BA8B-E124247F7A87}.Release|Any CPU.Deploy.0 = Release|Any CPU
		{815E4C97-DF09-4D40-BA8B-E124247F7A87}.Release|ARM.ActiveCfg = Release|ARM
		{815E4C97-DF09-4D40-BA8B-E124247F7A87}.Release|ARM.Build.0 = Release|ARM
		{815E4C97-DF09-4D40-BA8B-E124247F7A87}.Release|ARM.Deploy.0 = Release|ARM
		{815E4C97-DF09-4D40-BA8B-E124247F7A87}.Release|iPhone.ActiveCfg = Release|Any CPU
		{815E4C97-DF09-4D40-BA8B-E124247F7A87}.Release|iPhoneSimulator.ActiveCfg = Release|Any CPU
		{815E4C97-DF09-4D40-BA8B-E124247F7A87}.Release|Mixed Platforms.ActiveCfg = Release|x86
		{815E4C97-DF09-4D40-BA8B-E124247F7A87}.Release|Mixed Platforms.Build.0 = Release|x86
		{815E4C97-DF09-4D40-BA8B-E124247F7A87}.Release|Mixed Platforms.Deploy.0 = Release|x86
		{815E4C97-DF09-4D40-BA8B-E124247F7A87}.Release|x64.ActiveCfg = Release|x64
		{815E4C97-DF09-4D40-BA8B-E124247F7A87}.Release|x64.Build.0 = Release|x64
		{815E4C97-DF09-4D40-BA8B-E124247F7A87}.Release|x64.Deploy.0 = Release|x64
		{815E4C97-DF09-4D40-BA8B-E124247F7A87}.Release|x86.ActiveCfg = Release|x86
		{815E4C97-DF09-4D40-BA8B-E124247F7A87}.Release|x86.Build.0 = Release|x86
		{815E4C97-DF09-4D40-BA8B-E124247F7A87}.Release|x86.Deploy.0 = Release|x86
		{DD7EAD5C-1E99-4301-80D8-FA15329774B6}.Ad-Hoc|Any CPU.ActiveCfg = Release|Any CPU
		{DD7EAD5C-1E99-4301-80D8-FA15329774B6}.Ad-Hoc|Any CPU.Build.0 = Release|Any CPU
		{DD7EAD5C-1E99-4301-80D8-FA15329774B6}.Ad-Hoc|ARM.ActiveCfg = Release|Any CPU
		{DD7EAD5C-1E99-4301-80D8-FA15329774B6}.Ad-Hoc|iPhone.ActiveCfg = Release|Any CPU
		{DD7EAD5C-1E99-4301-80D8-FA15329774B6}.Ad-Hoc|iPhone.Build.0 = Release|Any CPU
		{DD7EAD5C-1E99-4301-80D8-FA15329774B6}.Ad-Hoc|iPhoneSimulator.ActiveCfg = Release|Any CPU
		{DD7EAD5C-1E99-4301-80D8-FA15329774B6}.Ad-Hoc|iPhoneSimulator.Build.0 = Release|Any CPU
		{DD7EAD5C-1E99-4301-80D8-FA15329774B6}.Ad-Hoc|Mixed Platforms.ActiveCfg = Release|Any CPU
		{DD7EAD5C-1E99-4301-80D8-FA15329774B6}.Ad-Hoc|Mixed Platforms.Build.0 = Release|Any CPU
		{DD7EAD5C-1E99-4301-80D8-FA15329774B6}.Ad-Hoc|x64.ActiveCfg = Release|Any CPU
		{DD7EAD5C-1E99-4301-80D8-FA15329774B6}.Ad-Hoc|x86.ActiveCfg = Release|Any CPU
		{DD7EAD5C-1E99-4301-80D8-FA15329774B6}.AppStore|Any CPU.ActiveCfg = Release|Any CPU
		{DD7EAD5C-1E99-4301-80D8-FA15329774B6}.AppStore|Any CPU.Build.0 = Release|Any CPU
		{DD7EAD5C-1E99-4301-80D8-FA15329774B6}.AppStore|ARM.ActiveCfg = Release|Any CPU
		{DD7EAD5C-1E99-4301-80D8-FA15329774B6}.AppStore|iPhone.ActiveCfg = Release|Any CPU
		{DD7EAD5C-1E99-4301-80D8-FA15329774B6}.AppStore|iPhone.Build.0 = Release|Any CPU
		{DD7EAD5C-1E99-4301-80D8-FA15329774B6}.AppStore|iPhoneSimulator.ActiveCfg = Release|Any CPU
		{DD7EAD5C-1E99-4301-80D8-FA15329774B6}.AppStore|iPhoneSimulator.Build.0 = Release|Any CPU
		{DD7EAD5C-1E99-4301-80D8-FA15329774B6}.AppStore|Mixed Platforms.ActiveCfg = Release|Any CPU
		{DD7EAD5C-1E99-4301-80D8-FA15329774B6}.AppStore|Mixed Platforms.Build.0 = Release|Any CPU
		{DD7EAD5C-1E99-4301-80D8-FA15329774B6}.AppStore|x64.ActiveCfg = Release|Any CPU
		{DD7EAD5C-1E99-4301-80D8-FA15329774B6}.AppStore|x86.ActiveCfg = Release|Any CPU
		{DD7EAD5C-1E99-4301-80D8-FA15329774B6}.Debug|Any CPU.ActiveCfg = Debug|Any CPU
		{DD7EAD5C-1E99-4301-80D8-FA15329774B6}.Debug|Any CPU.Build.0 = Debug|Any CPU
		{DD7EAD5C-1E99-4301-80D8-FA15329774B6}.Debug|ARM.ActiveCfg = Debug|Any CPU
		{DD7EAD5C-1E99-4301-80D8-FA15329774B6}.Debug|iPhone.ActiveCfg = Debug|Any CPU
		{DD7EAD5C-1E99-4301-80D8-FA15329774B6}.Debug|iPhone.Build.0 = Debug|Any CPU
		{DD7EAD5C-1E99-4301-80D8-FA15329774B6}.Debug|iPhoneSimulator.ActiveCfg = Debug|Any CPU
		{DD7EAD5C-1E99-4301-80D8-FA15329774B6}.Debug|iPhoneSimulator.Build.0 = Debug|Any CPU
		{DD7EAD5C-1E99-4301-80D8-FA15329774B6}.Debug|Mixed Platforms.ActiveCfg = Debug|Any CPU
		{DD7EAD5C-1E99-4301-80D8-FA15329774B6}.Debug|Mixed Platforms.Build.0 = Debug|Any CPU
		{DD7EAD5C-1E99-4301-80D8-FA15329774B6}.Debug|x64.ActiveCfg = Debug|Any CPU
		{DD7EAD5C-1E99-4301-80D8-FA15329774B6}.Debug|x86.ActiveCfg = Debug|Any CPU
		{DD7EAD5C-1E99-4301-80D8-FA15329774B6}.Release|Any CPU.ActiveCfg = Release|Any CPU
		{DD7EAD5C-1E99-4301-80D8-FA15329774B6}.Release|Any CPU.Build.0 = Release|Any CPU
		{DD7EAD5C-1E99-4301-80D8-FA15329774B6}.Release|ARM.ActiveCfg = Release|Any CPU
		{DD7EAD5C-1E99-4301-80D8-FA15329774B6}.Release|iPhone.ActiveCfg = Release|Any CPU
		{DD7EAD5C-1E99-4301-80D8-FA15329774B6}.Release|iPhone.Build.0 = Release|Any CPU
		{DD7EAD5C-1E99-4301-80D8-FA15329774B6}.Release|iPhoneSimulator.ActiveCfg = Release|Any CPU
		{DD7EAD5C-1E99-4301-80D8-FA15329774B6}.Release|iPhoneSimulator.Build.0 = Release|Any CPU
		{DD7EAD5C-1E99-4301-80D8-FA15329774B6}.Release|Mixed Platforms.ActiveCfg = Release|Any CPU
		{DD7EAD5C-1E99-4301-80D8-FA15329774B6}.Release|Mixed Platforms.Build.0 = Release|Any CPU
		{DD7EAD5C-1E99-4301-80D8-FA15329774B6}.Release|x64.ActiveCfg = Release|Any CPU
		{DD7EAD5C-1E99-4301-80D8-FA15329774B6}.Release|x86.ActiveCfg = Release|Any CPU
	EndGlobalSection
	GlobalSection(SolutionProperties) = preSolution
		HideSolutionNode = FALSE
	EndGlobalSection
EndGlobal
