
Microsoft Visual Studio Solution File, Format Version 12.00
# Visual Studio 2013
VisualStudioVersion = 12.0.40629.0
MinimumVisualStudioVersion = 10.0.40219.1
Project("{FAE04EC0-301F-11D3-BF4B-00C04F79EFBC}") = "Panal_Width", "Panal_Width\Panal_Width.csproj", "{DD3D7BEC-2202-452D-83BC-67F1AE78173B}"
EndProject
Global
	GlobalSection(SolutionConfigurationPlatforms) = preSolution
		Debug|Any CPU = Debug|Any CPU
		Release|Any CPU = Release|Any CPU
	EndGlobalSection
	GlobalSection(ProjectConfigurationPlatforms) = postSolution
		{DD3D7BEC-2202-452D-83BC-67F1AE78173B}.Debug|Any CPU.ActiveCfg = Debug|Any CPU
		{DD3D7BEC-2202-452D-83BC-67F1AE78173B}.Debug|Any CPU.Build.0 = Debug|Any CPU
		{DD3D7BEC-2202-452D-83BC-67F1AE78173B}.Release|Any CPU.ActiveCfg = Release|Any CPU
		{DD3D7BEC-2202-452D-83BC-67F1AE78173B}.Release|Any CPU.Build.0 = Release|Any CPU
	EndGlobalSection
	GlobalSection(SolutionProperties) = preSolution
		HideSolutionNode = FALSE
	EndGlobalSection
EndGlobal
