
Microsoft Visual Studio Solution File, Format Version 12.00
# Visual Studio 2013
VisualStudioVersion = 12.0.40629.0
MinimumVisualStudioVersion = 10.0.40219.1
Project("{8BC9CEB8-8B4A-11D0-8D11-00A0C91BC942}") = "InfixToPostFix", "InfixToPostFix\InfixToPostFix.vcxproj", "{E9CC1BB3-4E35-4EC2-89E7-4ED14DA256BD}"
EndProject
Global
	GlobalSection(SolutionConfigurationPlatforms) = preSolution
		Debug|Win32 = Debug|Win32
		Release|Win32 = Release|Win32
	EndGlobalSection
	GlobalSection(ProjectConfigurationPlatforms) = postSolution
		{E9CC1BB3-4E35-4EC2-89E7-4ED14DA256BD}.Debug|Win32.ActiveCfg = Debug|Win32
		{E9CC1BB3-4E35-4EC2-89E7-4ED14DA256BD}.Debug|Win32.Build.0 = Debug|Win32
		{E9CC1BB3-4E35-4EC2-89E7-4ED14DA256BD}.Release|Win32.ActiveCfg = Release|Win32
		{E9CC1BB3-4E35-4EC2-89E7-4ED14DA256BD}.Release|Win32.Build.0 = Release|Win32
	EndGlobalSection
	GlobalSection(SolutionProperties) = preSolution
		HideSolutionNode = FALSE
	EndGlobalSection
EndGlobal
